
Microsoft Visual Studio Solution File, Format Version 12.00
# Visual Studio Version 17
VisualStudioVersion = 17.4.33213.308
MinimumVisualStudioVersion = 10.0.40219.1
Project("{FAE04EC0-301F-11D3-BF4B-00C04F79EFBC}") = "VibolNubApp", "VibolNubApp\VibolNubApp.csproj", "{1F300999-F4C2-4709-8CE8-EDBDEE41AA1F}"
EndProject
Global
	GlobalSection(SolutionConfigurationPlatforms) = preSolution
		Debug|Any CPU = Debug|Any CPU
		Release|Any CPU = Release|Any CPU
	EndGlobalSection
	GlobalSection(ProjectConfigurationPlatforms) = postSolution
		{1F300999-F4C2-4709-8CE8-EDBDEE41AA1F}.Debug|Any CPU.ActiveCfg = Debug|Any CPU
		{1F300999-F4C2-4709-8CE8-EDBDEE41AA1F}.Debug|Any CPU.Build.0 = Debug|Any CPU
		{1F300999-F4C2-4709-8CE8-EDBDEE41AA1F}.Release|Any CPU.ActiveCfg = Release|Any CPU
		{1F300999-F4C2-4709-8CE8-EDBDEE41AA1F}.Release|Any CPU.Build.0 = Release|Any CPU
	EndGlobalSection
	GlobalSection(SolutionProperties) = preSolution
		HideSolutionNode = FALSE
	EndGlobalSection
	GlobalSection(ExtensibilityGlobals) = postSolution
		SolutionGuid = {20846CB3-8261-4AA2-B167-E14036CEA54C}
	EndGlobalSection
EndGlobal
